
Microsoft Visual Studio Solution File, Format Version 12.00
# Visual Studio Version 17
VisualStudioVersion = 17.4.33403.182
MinimumVisualStudioVersion = 10.0.40219.1
Project("{FAE04EC0-301F-11D3-BF4B-00C04F79EFBC}") = "BDS.Task.5", "BDS.Task.5\BDS.Task.5.csproj", "{12D04AA7-ECFC-484C-8B8F-84ACFB5033D4}"
EndProject
Global
	GlobalSection(SolutionConfigurationPlatforms) = preSolution
		Debug|Any CPU = Debug|Any CPU
		Release|Any CPU = Release|Any CPU
	EndGlobalSection
	GlobalSection(ProjectConfigurationPlatforms) = postSolution
		{12D04AA7-ECFC-484C-8B8F-84ACFB5033D4}.Debug|Any CPU.ActiveCfg = Debug|Any CPU
		{12D04AA7-ECFC-484C-8B8F-84ACFB5033D4}.Debug|Any CPU.Build.0 = Debug|Any CPU
		{12D04AA7-ECFC-484C-8B8F-84ACFB5033D4}.Release|Any CPU.ActiveCfg = Release|Any CPU
		{12D04AA7-ECFC-484C-8B8F-84ACFB5033D4}.Release|Any CPU.Build.0 = Release|Any CPU
	EndGlobalSection
	GlobalSection(SolutionProperties) = preSolution
		HideSolutionNode = FALSE
	EndGlobalSection
	GlobalSection(ExtensibilityGlobals) = postSolution
		SolutionGuid = {6BA39AF0-7CB4-4D41-B36A-E9D458A6A1A8}
	EndGlobalSection
EndGlobal
